// !$*UTF8*$!
{
	archiveVersion = 1;
	classes = {
	};
	objectVersion = 46;
	objects = {

/* Begin PBXBuildFile section */
		061D7D61C2875B6BE8FF8994 /* Pods_chatDemo.framework in Frameworks */ = {isa = PBXBuildFile; fileRef = 6D4620D5C71AB8DCBE55A276 /* Pods_chatDemo.framework */; };
		7550429E1D8CC602007FB439 /* main.m in Sources */ = {isa = PBXBuildFile; fileRef = 7550429D1D8CC602007FB439 /* main.m */; };
		755042A11D8CC602007FB439 /* AppDelegate.m in Sources */ = {isa = PBXBuildFile; fileRef = 755042A01D8CC602007FB439 /* AppDelegate.m */; };
		755042A41D8CC602007FB439 /* ViewController.m in Sources */ = {isa = PBXBuildFile; fileRef = 755042A31D8CC602007FB439 /* ViewController.m */; };
		755042A91D8CC602007FB439 /* Assets.xcassets in Resources */ = {isa = PBXBuildFile; fileRef = 755042A81D8CC602007FB439 /* Assets.xcassets */; };
		755042AC1D8CC602007FB439 /* LaunchScreen.storyboard in Resources */ = {isa = PBXBuildFile; fileRef = 755042AA1D8CC602007FB439 /* LaunchScreen.storyboard */; };
		755042B71D8CC602007FB439 /* chatDemoTests.m in Sources */ = {isa = PBXBuildFile; fileRef = 755042B61D8CC602007FB439 /* chatDemoTests.m */; };
		755042C21D8CC602007FB439 /* chatDemoUITests.m in Sources */ = {isa = PBXBuildFile; fileRef = 755042C11D8CC602007FB439 /* chatDemoUITests.m */; };
		755042DA1D8CCBD8007FB439 /* LeftSlideViewController.m in Sources */ = {isa = PBXBuildFile; fileRef = 755042D31D8CCBD8007FB439 /* LeftSlideViewController.m */; };
		755042DB1D8CCBD8007FB439 /* LeftSortsViewController.m in Sources */ = {isa = PBXBuildFile; fileRef = 755042D51D8CCBD8007FB439 /* LeftSortsViewController.m */; };
		755042DC1D8CCBD8007FB439 /* MainPageViewController.m in Sources */ = {isa = PBXBuildFile; fileRef = 755042D71D8CCBD8007FB439 /* MainPageViewController.m */; };
		755042DD1D8CCBD8007FB439 /* UIView_extra.m in Sources */ = {isa = PBXBuildFile; fileRef = 755042D91D8CCBD8007FB439 /* UIView_extra.m */; };
		755042E41D8CCBE2007FB439 /* Main.storyboard in Resources */ = {isa = PBXBuildFile; fileRef = 755042E01D8CCBE2007FB439 /* Main.storyboard */; };
		755042E51D8CCBE2007FB439 /* RJTabbarController.storyboard in Resources */ = {isa = PBXBuildFile; fileRef = 755042E11D8CCBE2007FB439 /* RJTabbarController.storyboard */; };
		755042E61D8CCBE2007FB439 /* VDSelect.storyboard in Resources */ = {isa = PBXBuildFile; fileRef = 755042E21D8CCBE2007FB439 /* VDSelect.storyboard */; };
		755042FA1D8CCBEA007FB439 /* AppDelegate+EaseMob.m in Sources */ = {isa = PBXBuildFile; fileRef = 755042E91D8CCBEA007FB439 /* AppDelegate+EaseMob.m */; };
		755042FB1D8CCBEA007FB439 /* AppDelegate+EaseMobDebug.m in Sources */ = {isa = PBXBuildFile; fileRef = 755042EB1D8CCBEA007FB439 /* AppDelegate+EaseMobDebug.m */; };
		755042FC1D8CCBEA007FB439 /* NSString+MD5.m in Sources */ = {isa = PBXBuildFile; fileRef = 755042ED1D8CCBEA007FB439 /* NSString+MD5.m */; };
		755042FD1D8CCBEA007FB439 /* NSString+VDisValid.m in Sources */ = {isa = PBXBuildFile; fileRef = 755042EF1D8CCBEA007FB439 /* NSString+VDisValid.m */; };
		755042FE1D8CCBEA007FB439 /* UIButton+ButtonThread.m in Sources */ = {isa = PBXBuildFile; fileRef = 755042F11D8CCBEA007FB439 /* UIButton+ButtonThread.m */; };
		755042FF1D8CCBEA007FB439 /* UIColor+getColor.m in Sources */ = {isa = PBXBuildFile; fileRef = 755042F31D8CCBEA007FB439 /* UIColor+getColor.m */; };
		755043001D8CCBEA007FB439 /* UIImage+ScaleImage.m in Sources */ = {isa = PBXBuildFile; fileRef = 755042F51D8CCBEA007FB439 /* UIImage+ScaleImage.m */; };
		755043011D8CCBEA007FB439 /* UIImageView+Utils.m in Sources */ = {isa = PBXBuildFile; fileRef = 755042F71D8CCBEA007FB439 /* UIImageView+Utils.m */; };
		755043021D8CCBEA007FB439 /* UIViewController+VDAlertController.m in Sources */ = {isa = PBXBuildFile; fileRef = 755042F91D8CCBEA007FB439 /* UIViewController+VDAlertController.m */; };
		7550430D1D8CCBFF007FB439 /* RJAddContactPersonViewController.m in Sources */ = {isa = PBXBuildFile; fileRef = 755043051D8CCBFF007FB439 /* RJAddContactPersonViewController.m */; };
		7550430E1D8CCBFF007FB439 /* RJContactCell.m in Sources */ = {isa = PBXBuildFile; fileRef = 755043071D8CCBFF007FB439 /* RJContactCell.m */; };
		7550430F1D8CCBFF007FB439 /* RJContactViewController.m in Sources */ = {isa = PBXBuildFile; fileRef = 755043091D8CCBFF007FB439 /* RJContactViewController.m */; };
		755043101D8CCBFF007FB439 /* RJEngineManager.m in Sources */ = {isa = PBXBuildFile; fileRef = 7550430C1D8CCBFF007FB439 /* RJEngineManager.m */; };
		7550435A1D8CCC11007FB439 /* OTFileManager.m in Sources */ = {isa = PBXBuildFile; fileRef = 755043131D8CCC11007FB439 /* OTFileManager.m */; };
		7550435B1D8CCC11007FB439 /* VDFileManager.m in Sources */ = {isa = PBXBuildFile; fileRef = 755043151D8CCC11007FB439 /* VDFileManager.m */; };
		7550435C1D8CCC11007FB439 /* VDTDBEnginer.m in Sources */ = {isa = PBXBuildFile; fileRef = 755043171D8CCC11007FB439 /* VDTDBEnginer.m */; };
		7550435D1D8CCC11007FB439 /* VDHTTPRequestOperationManager.m in Sources */ = {isa = PBXBuildFile; fileRef = 7550431A1D8CCC11007FB439 /* VDHTTPRequestOperationManager.m */; };
		7550435E1D8CCC11007FB439 /* VDHttpResponse.m in Sources */ = {isa = PBXBuildFile; fileRef = 7550431C1D8CCC11007FB439 /* VDHttpResponse.m */; };
		7550435F1D8CCC11007FB439 /* VDRequestEngine.m in Sources */ = {isa = PBXBuildFile; fileRef = 7550431E1D8CCC11007FB439 /* VDRequestEngine.m */; };
		755043601D8CCC11007FB439 /* VDUserInfoEngine.m in Sources */ = {isa = PBXBuildFile; fileRef = 755043201D8CCC11007FB439 /* VDUserInfoEngine.m */; };
		755043611D8CCC11007FB439 /* add.png in Resources */ = {isa = PBXBuildFile; fileRef = 755043221D8CCC11007FB439 /* add.png */; };
		755043621D8CCC11007FB439 /* contact.png in Resources */ = {isa = PBXBuildFile; fileRef = 755043231D8CCC11007FB439 /* contact.png */; };
		755043631D8CCC11007FB439 /* leftbackiamge.png in Resources */ = {isa = PBXBuildFile; fileRef = 755043241D8CCC11007FB439 /* leftbackiamge.png */; };
		755043641D8CCC11007FB439 /* msg.png in Resources */ = {isa = PBXBuildFile; fileRef = 755043251D8CCC11007FB439 /* msg.png */; };
		755043651D8CCC11007FB439 /* mydy.png in Resources */ = {isa = PBXBuildFile; fileRef = 755043261D8CCC11007FB439 /* mydy.png */; };
		755043661D8CCC11007FB439 /* qq.png in Resources */ = {isa = PBXBuildFile; fileRef = 755043271D8CCC11007FB439 /* qq.png */; };
		755043671D8CCC11007FB439 /* sel_contact.png in Resources */ = {isa = PBXBuildFile; fileRef = 755043281D8CCC11007FB439 /* sel_contact.png */; };
		755043681D8CCC11007FB439 /* sel_msg.png in Resources */ = {isa = PBXBuildFile; fileRef = 755043291D8CCC11007FB439 /* sel_msg.png */; };
		755043691D8CCC11007FB439 /* sel_mydy.png in Resources */ = {isa = PBXBuildFile; fileRef = 7550432A1D8CCC11007FB439 /* sel_mydy.png */; };
		7550436A1D8CCC11007FB439 /* 返回按钮.png in Resources */ = {isa = PBXBuildFile; fileRef = 7550432B1D8CCC11007FB439 /* 返回按钮.png */; };
		7550436B1D8CCC11007FB439 /* EaseSDKHelper.m in Sources */ = {isa = PBXBuildFile; fileRef = 7550432E1D8CCC11007FB439 /* EaseSDKHelper.m */; };
		7550436C1D8CCC11007FB439 /* RJBase.m in Sources */ = {isa = PBXBuildFile; fileRef = 755043301D8CCC11007FB439 /* RJBase.m */; };
		7550436D1D8CCC11007FB439 /* RJChatTools.m in Sources */ = {isa = PBXBuildFile; fileRef = 755043321D8CCC11007FB439 /* RJChatTools.m */; };
		7550436E1D8CCC11007FB439 /* VDUrlObject.m in Sources */ = {isa = PBXBuildFile; fileRef = 755043341D8CCC11007FB439 /* VDUrlObject.m */; };
		7550436F1D8CCC11007FB439 /* RJBaseViewController.m in Sources */ = {isa = PBXBuildFile; fileRef = 755043381D8CCC11007FB439 /* RJBaseViewController.m */; };
		755043701D8CCC11007FB439 /* RJNavViewController.m in Sources */ = {isa = PBXBuildFile; fileRef = 7550433A1D8CCC11007FB439 /* RJNavViewController.m */; };
		755043711D8CCC11007FB439 /* RJTabViewController.m in Sources */ = {isa = PBXBuildFile; fileRef = 7550433C1D8CCC11007FB439 /* RJTabViewController.m */; };
		755043721D8CCC11007FB439 /* RJListTableViewController.m in Sources */ = {isa = PBXBuildFile; fileRef = 755043401D8CCC11007FB439 /* RJListTableViewController.m */; };
		755043731D8CCC11007FB439 /* AddContact.Storyboard in Resources */ = {isa = PBXBuildFile; fileRef = 755043431D8CCC11007FB439 /* AddContact.Storyboard */; };
		755043741D8CCC11007FB439 /* Main.storyboard in Resources */ = {isa = PBXBuildFile; fileRef = 755043441D8CCC11007FB439 /* Main.storyboard */; };
		755043751D8CCC11007FB439 /* RJTabbarController.storyboard in Resources */ = {isa = PBXBuildFile; fileRef = 755043451D8CCC11007FB439 /* RJTabbarController.storyboard */; };
		755043761D8CCC11007FB439 /* VDSelectImageViewController.storyboard in Resources */ = {isa = PBXBuildFile; fileRef = 755043461D8CCC11007FB439 /* VDSelectImageViewController.storyboard */; };
		755043771D8CCC11007FB439 /* RJDynamicViewController.m in Sources */ = {isa = PBXBuildFile; fileRef = 7550434A1D8CCC11007FB439 /* RJDynamicViewController.m */; };
		755043781D8CCC11007FB439 /* RegisterViewController.m in Sources */ = {isa = PBXBuildFile; fileRef = 7550434F1D8CCC11007FB439 /* RegisterViewController.m */; };
		755043791D8CCC11007FB439 /* VDSelectImageViewController.m in Sources */ = {isa = PBXBuildFile; fileRef = 755043511D8CCC11007FB439 /* VDSelectImageViewController.m */; };
		7550437A1D8CCC11007FB439 /* LogInViewController.m in Sources */ = {isa = PBXBuildFile; fileRef = 755043561D8CCC11007FB439 /* LogInViewController.m */; };
		7550437B1D8CCC11007FB439 /* RJBackView.m in Sources */ = {isa = PBXBuildFile; fileRef = 755043591D8CCC11007FB439 /* RJBackView.m */; };
		75907AD01D8CE8BE00B760A3 /* female.png in Resources */ = {isa = PBXBuildFile; fileRef = 75907ACE1D8CE8BE00B760A3 /* female.png */; };
		75907AD11D8CE8BE00B760A3 /* male.png in Resources */ = {isa = PBXBuildFile; fileRef = 75907ACF1D8CE8BE00B760A3 /* male.png */; };
		75907AD31D8CE8D700B760A3 /* sexselect.png in Resources */ = {isa = PBXBuildFile; fileRef = 75907AD21D8CE8D700B760A3 /* sexselect.png */; };
		75907AD51D8CE8E700B760A3 /* sexunselect.png in Resources */ = {isa = PBXBuildFile; fileRef = 75907AD41D8CE8E700B760A3 /* sexunselect.png */; };
		75907AD81D8CF06200B760A3 /* VDDatePickSelectView.m in Sources */ = {isa = PBXBuildFile; fileRef = 75907AD71D8CF06200B760A3 /* VDDatePickSelectView.m */; };
		75907ADB1D8CF8E400B760A3 /* PQActionSheet.m in Sources */ = {isa = PBXBuildFile; fileRef = 75907ADA1D8CF8E400B760A3 /* PQActionSheet.m */; };
		75907ADD1D8D260D00B760A3 /* btn.png in Resources */ = {isa = PBXBuildFile; fileRef = 75907ADC1D8D260D00B760A3 /* btn.png */; };
/* End PBXBuildFile section */

/* Begin PBXContainerItemProxy section */
		755042B31D8CC602007FB439 /* PBXContainerItemProxy */ = {
			isa = PBXContainerItemProxy;
			containerPortal = 755042911D8CC602007FB439 /* Project object */;
			proxyType = 1;
			remoteGlobalIDString = 755042981D8CC602007FB439;
			remoteInfo = chatDemo;
		};
		755042BE1D8CC602007FB439 /* PBXContainerItemProxy */ = {
			isa = PBXContainerItemProxy;
			containerPortal = 755042911D8CC602007FB439 /* Project object */;
			proxyType = 1;
			remoteGlobalIDString = 755042981D8CC602007FB439;
			remoteInfo = chatDemo;
		};
/* End PBXContainerItemProxy section */

/* Begin PBXFileReference section */
		3DEBA013D96FE6B209AA3CD5 /* Pods-chatDemo.debug.xcconfig */ = {isa = PBXFileReference; includeInIndex = 1; lastKnownFileType = text.xcconfig; name = "Pods-chatDemo.debug.xcconfig"; path = "Pods/Target Support Files/Pods-chatDemo/Pods-chatDemo.debug.xcconfig"; sourceTree = "<group>"; };
		4292B9741B4391C62F320291 /* Pods-chatDemo.release.xcconfig */ = {isa = PBXFileReference; includeInIndex = 1; lastKnownFileType = text.xcconfig; name = "Pods-chatDemo.release.xcconfig"; path = "Pods/Target Support Files/Pods-chatDemo/Pods-chatDemo.release.xcconfig"; sourceTree = "<group>"; };
		6D4620D5C71AB8DCBE55A276 /* Pods_chatDemo.framework */ = {isa = PBXFileReference; explicitFileType = wrapper.framework; includeInIndex = 0; path = Pods_chatDemo.framework; sourceTree = BUILT_PRODUCTS_DIR; };
		755042991D8CC602007FB439 /* chatDemo.app */ = {isa = PBXFileReference; explicitFileType = wrapper.application; includeInIndex = 0; path = chatDemo.app; sourceTree = BUILT_PRODUCTS_DIR; };
		7550429D1D8CC602007FB439 /* main.m */ = {isa = PBXFileReference; lastKnownFileType = sourcecode.c.objc; path = main.m; sourceTree = "<group>"; };
		7550429F1D8CC602007FB439 /* AppDelegate.h */ = {isa = PBXFileReference; lastKnownFileType = sourcecode.c.h; path = AppDelegate.h; sourceTree = "<group>"; };
		755042A01D8CC602007FB439 /* AppDelegate.m */ = {isa = PBXFileReference; lastKnownFileType = sourcecode.c.objc; path = AppDelegate.m; sourceTree = "<group>"; };
		755042A21D8CC602007FB439 /* ViewController.h */ = {isa = PBXFileReference; lastKnownFileType = sourcecode.c.h; path = ViewController.h; sourceTree = "<group>"; };
		755042A31D8CC602007FB439 /* ViewController.m */ = {isa = PBXFileReference; lastKnownFileType = sourcecode.c.objc; path = ViewController.m; sourceTree = "<group>"; };
		755042A81D8CC602007FB439 /* Assets.xcassets */ = {isa = PBXFileReference; lastKnownFileType = folder.assetcatalog; path = Assets.xcassets; sourceTree = "<group>"; };
		755042AB1D8CC602007FB439 /* Base */ = {isa = PBXFileReference; lastKnownFileType = file.storyboard; name = Base; path = Base.lproj/LaunchScreen.storyboard; sourceTree = "<group>"; };
		755042AD1D8CC602007FB439 /* Info.plist */ = {isa = PBXFileReference; lastKnownFileType = text.plist.xml; path = Info.plist; sourceTree = "<group>"; };
		755042B21D8CC602007FB439 /* chatDemoTests.xctest */ = {isa = PBXFileReference; explicitFileType = wrapper.cfbundle; includeInIndex = 0; path = chatDemoTests.xctest; sourceTree = BUILT_PRODUCTS_DIR; };
		755042B61D8CC602007FB439 /* chatDemoTests.m */ = {isa = PBXFileReference; lastKnownFileType = sourcecode.c.objc; path = chatDemoTests.m; sourceTree = "<group>"; };
		755042B81D8CC602007FB439 /* Info.plist */ = {isa = PBXFileReference; lastKnownFileType = text.plist.xml; path = Info.plist; sourceTree = "<group>"; };
		755042BD1D8CC602007FB439 /* chatDemoUITests.xctest */ = {isa = PBXFileReference; explicitFileType = wrapper.cfbundle; includeInIndex = 0; path = chatDemoUITests.xctest; sourceTree = BUILT_PRODUCTS_DIR; };
		755042C11D8CC602007FB439 /* chatDemoUITests.m */ = {isa = PBXFileReference; lastKnownFileType = sourcecode.c.objc; path = chatDemoUITests.m; sourceTree = "<group>"; };
		755042C31D8CC602007FB439 /* Info.plist */ = {isa = PBXFileReference; lastKnownFileType = text.plist.xml; path = Info.plist; sourceTree = "<group>"; };
		755042CF1D8CC7D7007FB439 /* Header.h */ = {isa = PBXFileReference; lastKnownFileType = sourcecode.c.h; path = Header.h; sourceTree = "<group>"; };
		755042D01D8CC7F0007FB439 /* PrefixHeader.pch */ = {isa = PBXFileReference; lastKnownFileType = sourcecode.c.h; path = PrefixHeader.pch; sourceTree = "<group>"; };
		755042D21D8CCBD8007FB439 /* LeftSlideViewController.h */ = {isa = PBXFileReference; fileEncoding = 4; lastKnownFileType = sourcecode.c.h; path = LeftSlideViewController.h; sourceTree = "<group>"; };
		755042D31D8CCBD8007FB439 /* LeftSlideViewController.m */ = {isa = PBXFileReference; fileEncoding = 4; lastKnownFileType = sourcecode.c.objc; path = LeftSlideViewController.m; sourceTree = "<group>"; };
		755042D41D8CCBD8007FB439 /* LeftSortsViewController.h */ = {isa = PBXFileReference; fileEncoding = 4; lastKnownFileType = sourcecode.c.h; path = LeftSortsViewController.h; sourceTree = "<group>"; };
		755042D51D8CCBD8007FB439 /* LeftSortsViewController.m */ = {isa = PBXFileReference; fileEncoding = 4; lastKnownFileType = sourcecode.c.objc; path = LeftSortsViewController.m; sourceTree = "<group>"; };
		755042D61D8CCBD8007FB439 /* MainPageViewController.h */ = {isa = PBXFileReference; fileEncoding = 4; lastKnownFileType = sourcecode.c.h; path = MainPageViewController.h; sourceTree = "<group>"; };
		755042D71D8CCBD8007FB439 /* MainPageViewController.m */ = {isa = PBXFileReference; fileEncoding = 4; lastKnownFileType = sourcecode.c.objc; path = MainPageViewController.m; sourceTree = "<group>"; };
		755042D81D8CCBD8007FB439 /* UIView_extra.h */ = {isa = PBXFileReference; fileEncoding = 4; lastKnownFileType = sourcecode.c.h; path = UIView_extra.h; sourceTree = "<group>"; };
		755042D91D8CCBD8007FB439 /* UIView_extra.m */ = {isa = PBXFileReference; fileEncoding = 4; lastKnownFileType = sourcecode.c.objc; path = UIView_extra.m; sourceTree = "<group>"; };
		755042E01D8CCBE2007FB439 /* Main.storyboard */ = {isa = PBXFileReference; fileEncoding = 4; lastKnownFileType = file.storyboard; path = Main.storyboard; sourceTree = "<group>"; };
		755042E11D8CCBE2007FB439 /* RJTabbarController.storyboard */ = {isa = PBXFileReference; fileEncoding = 4; lastKnownFileType = file.storyboard; path = RJTabbarController.storyboard; sourceTree = "<group>"; };
		755042E21D8CCBE2007FB439 /* VDSelect.storyboard */ = {isa = PBXFileReference; fileEncoding = 4; lastKnownFileType = file.storyboard; path = VDSelect.storyboard; sourceTree = "<group>"; };
		755042E81D8CCBEA007FB439 /* AppDelegate+EaseMob.h */ = {isa = PBXFileReference; fileEncoding = 4; lastKnownFileType = sourcecode.c.h; path = "AppDelegate+EaseMob.h"; sourceTree = "<group>"; };
		755042E91D8CCBEA007FB439 /* AppDelegate+EaseMob.m */ = {isa = PBXFileReference; fileEncoding = 4; lastKnownFileType = sourcecode.c.objc; path = "AppDelegate+EaseMob.m"; sourceTree = "<group>"; };
		755042EA1D8CCBEA007FB439 /* AppDelegate+EaseMobDebug.h */ = {isa = PBXFileReference; fileEncoding = 4; lastKnownFileType = sourcecode.c.h; path = "AppDelegate+EaseMobDebug.h"; sourceTree = "<group>"; };
		755042EB1D8CCBEA007FB439 /* AppDelegate+EaseMobDebug.m */ = {isa = PBXFileReference; fileEncoding = 4; lastKnownFileType = sourcecode.c.objc; path = "AppDelegate+EaseMobDebug.m"; sourceTree = "<group>"; };
		755042EC1D8CCBEA007FB439 /* NSString+MD5.h */ = {isa = PBXFileReference; fileEncoding = 4; lastKnownFileType = sourcecode.c.h; path = "NSString+MD5.h"; sourceTree = "<group>"; };
		755042ED1D8CCBEA007FB439 /* NSString+MD5.m */ = {isa = PBXFileReference; fileEncoding = 4; lastKnownFileType = sourcecode.c.objc; path = "NSString+MD5.m"; sourceTree = "<group>"; };
		755042EE1D8CCBEA007FB439 /* NSString+VDisValid.h */ = {isa = PBXFileReference; fileEncoding = 4; lastKnownFileType = sourcecode.c.h; path = "NSString+VDisValid.h"; sourceTree = "<group>"; };
		755042EF1D8CCBEA007FB439 /* NSString+VDisValid.m */ = {isa = PBXFileReference; fileEncoding = 4; lastKnownFileType = sourcecode.c.objc; path = "NSString+VDisValid.m"; sourceTree = "<group>"; };
		755042F01D8CCBEA007FB439 /* UIButton+ButtonThread.h */ = {isa = PBXFileReference; fileEncoding = 4; lastKnownFileType = sourcecode.c.h; path = "UIButton+ButtonThread.h"; sourceTree = "<group>"; };
		755042F11D8CCBEA007FB439 /* UIButton+ButtonThread.m */ = {isa = PBXFileReference; fileEncoding = 4; lastKnownFileType = sourcecode.c.objc; path = "UIButton+ButtonThread.m"; sourceTree = "<group>"; };
		755042F21D8CCBEA007FB439 /* UIColor+getColor.h */ = {isa = PBXFileReference; fileEncoding = 4; lastKnownFileType = sourcecode.c.h; path = "UIColor+getColor.h"; sourceTree = "<group>"; };
		755042F31D8CCBEA007FB439 /* UIColor+getColor.m */ = {isa = PBXFileReference; fileEncoding = 4; lastKnownFileType = sourcecode.c.objc; path = "UIColor+getColor.m"; sourceTree = "<group>"; };
		755042F41D8CCBEA007FB439 /* UIImage+ScaleImage.h */ = {isa = PBXFileReference; fileEncoding = 4; lastKnownFileType = sourcecode.c.h; path = "UIImage+ScaleImage.h"; sourceTree = "<group>"; };
		755042F51D8CCBEA007FB439 /* UIImage+ScaleImage.m */ = {isa = PBXFileReference; fileEncoding = 4; lastKnownFileType = sourcecode.c.objc; path = "UIImage+ScaleImage.m"; sourceTree = "<group>"; };
		755042F61D8CCBEA007FB439 /* UIImageView+Utils.h */ = {isa = PBXFileReference; fileEncoding = 4; lastKnownFileType = sourcecode.c.h; path = "UIImageView+Utils.h"; sourceTree = "<group>"; };
		755042F71D8CCBEA007FB439 /* UIImageView+Utils.m */ = {isa = PBXFileReference; fileEncoding = 4; lastKnownFileType = sourcecode.c.objc; path = "UIImageView+Utils.m"; sourceTree = "<group>"; };
		755042F81D8CCBEA007FB439 /* UIViewController+VDAlertController.h */ = {isa = PBXFileReference; fileEncoding = 4; lastKnownFileType = sourcecode.c.h; path = "UIViewController+VDAlertController.h"; sourceTree = "<group>"; };
		755042F91D8CCBEA007FB439 /* UIViewController+VDAlertController.m */ = {isa = PBXFileReference; fileEncoding = 4; lastKnownFileType = sourcecode.c.objc; path = "UIViewController+VDAlertController.m"; sourceTree = "<group>"; };
		755043041D8CCBFF007FB439 /* RJAddContactPersonViewController.h */ = {isa = PBXFileReference; fileEncoding = 4; lastKnownFileType = sourcecode.c.h; path = RJAddContactPersonViewController.h; sourceTree = "<group>"; };
		755043051D8CCBFF007FB439 /* RJAddContactPersonViewController.m */ = {isa = PBXFileReference; fileEncoding = 4; lastKnownFileType = sourcecode.c.objc; path = RJAddContactPersonViewController.m; sourceTree = "<group>"; };
		755043061D8CCBFF007FB439 /* RJContactCell.h */ = {isa = PBXFileReference; fileEncoding = 4; lastKnownFileType = sourcecode.c.h; path = RJContactCell.h; sourceTree = "<group>"; };
		755043071D8CCBFF007FB439 /* RJContactCell.m */ = {isa = PBXFileReference; fileEncoding = 4; lastKnownFileType = sourcecode.c.objc; path = RJContactCell.m; sourceTree = "<group>"; };
		755043081D8CCBFF007FB439 /* RJContactViewController.h */ = {isa = PBXFileReference; fileEncoding = 4; lastKnownFileType = sourcecode.c.h; path = RJContactViewController.h; sourceTree = "<group>"; };
		755043091D8CCBFF007FB439 /* RJContactViewController.m */ = {isa = PBXFileReference; fileEncoding = 4; lastKnownFileType = sourcecode.c.objc; path = RJContactViewController.m; sourceTree = "<group>"; };
		7550430B1D8CCBFF007FB439 /* RJEngineManager.h */ = {isa = PBXFileReference; fileEncoding = 4; lastKnownFileType = sourcecode.c.h; path = RJEngineManager.h; sourceTree = "<group>"; };
		7550430C1D8CCBFF007FB439 /* RJEngineManager.m */ = {isa = PBXFileReference; fileEncoding = 4; lastKnownFileType = sourcecode.c.objc; path = RJEngineManager.m; sourceTree = "<group>"; };
		755043121D8CCC11007FB439 /* OTFileManager.h */ = {isa = PBXFileReference; fileEncoding = 4; lastKnownFileType = sourcecode.c.h; path = OTFileManager.h; sourceTree = "<group>"; };
		755043131D8CCC11007FB439 /* OTFileManager.m */ = {isa = PBXFileReference; fileEncoding = 4; lastKnownFileType = sourcecode.c.objc; path = OTFileManager.m; sourceTree = "<group>"; };
		755043141D8CCC11007FB439 /* VDFileManager.h */ = {isa = PBXFileReference; fileEncoding = 4; lastKnownFileType = sourcecode.c.h; path = VDFileManager.h; sourceTree = "<group>"; };
		755043151D8CCC11007FB439 /* VDFileManager.m */ = {isa = PBXFileReference; fileEncoding = 4; lastKnownFileType = sourcecode.c.objc; path = VDFileManager.m; sourceTree = "<group>"; };
		755043161D8CCC11007FB439 /* VDTDBEnginer.h */ = {isa = PBXFileReference; fileEncoding = 4; lastKnownFileType = sourcecode.c.h; path = VDTDBEnginer.h; sourceTree = "<group>"; };
		755043171D8CCC11007FB439 /* VDTDBEnginer.m */ = {isa = PBXFileReference; fileEncoding = 4; lastKnownFileType = sourcecode.c.objc; path = VDTDBEnginer.m; sourceTree = "<group>"; };
		755043191D8CCC11007FB439 /* VDHTTPRequestOperationManager.h */ = {isa = PBXFileReference; fileEncoding = 4; lastKnownFileType = sourcecode.c.h; path = VDHTTPRequestOperationManager.h; sourceTree = "<group>"; };
		7550431A1D8CCC11007FB439 /* VDHTTPRequestOperationManager.m */ = {isa = PBXFileReference; fileEncoding = 4; lastKnownFileType = sourcecode.c.objc; path = VDHTTPRequestOperationManager.m; sourceTree = "<group>"; };
		7550431B1D8CCC11007FB439 /* VDHttpResponse.h */ = {isa = PBXFileReference; fileEncoding = 4; lastKnownFileType = sourcecode.c.h; path = VDHttpResponse.h; sourceTree = "<group>"; };
		7550431C1D8CCC11007FB439 /* VDHttpResponse.m */ = {isa = PBXFileReference; fileEncoding = 4; lastKnownFileType = sourcecode.c.objc; path = VDHttpResponse.m; sourceTree = "<group>"; };
		7550431D1D8CCC11007FB439 /* VDRequestEngine.h */ = {isa = PBXFileReference; fileEncoding = 4; lastKnownFileType = sourcecode.c.h; path = VDRequestEngine.h; sourceTree = "<group>"; };
		7550431E1D8CCC11007FB439 /* VDRequestEngine.m */ = {isa = PBXFileReference; fileEncoding = 4; lastKnownFileType = sourcecode.c.objc; path = VDRequestEngine.m; sourceTree = "<group>"; };
		7550431F1D8CCC11007FB439 /* VDUserInfoEngine.h */ = {isa = PBXFileReference; fileEncoding = 4; lastKnownFileType = sourcecode.c.h; path = VDUserInfoEngine.h; sourceTree = "<group>"; };
		755043201D8CCC11007FB439 /* VDUserInfoEngine.m */ = {isa = PBXFileReference; fileEncoding = 4; lastKnownFileType = sourcecode.c.objc; path = VDUserInfoEngine.m; sourceTree = "<group>"; };
		755043221D8CCC11007FB439 /* add.png */ = {isa = PBXFileReference; lastKnownFileType = image.png; path = add.png; sourceTree = "<group>"; };
		755043231D8CCC11007FB439 /* contact.png */ = {isa = PBXFileReference; lastKnownFileType = image.png; path = contact.png; sourceTree = "<group>"; };
		755043241D8CCC11007FB439 /* leftbackiamge.png */ = {isa = PBXFileReference; lastKnownFileType = image.png; path = leftbackiamge.png; sourceTree = "<group>"; };
		755043251D8CCC11007FB439 /* msg.png */ = {isa = PBXFileReference; lastKnownFileType = image.png; path = msg.png; sourceTree = "<group>"; };
		755043261D8CCC11007FB439 /* mydy.png */ = {isa = PBXFileReference; lastKnownFileType = image.png; path = mydy.png; sourceTree = "<group>"; };
		755043271D8CCC11007FB439 /* qq.png */ = {isa = PBXFileReference; lastKnownFileType = image.png; path = qq.png; sourceTree = "<group>"; };
		755043281D8CCC11007FB439 /* sel_contact.png */ = {isa = PBXFileReference; lastKnownFileType = image.png; path = sel_contact.png; sourceTree = "<group>"; };
		755043291D8CCC11007FB439 /* sel_msg.png */ = {isa = PBXFileReference; lastKnownFileType = image.png; path = sel_msg.png; sourceTree = "<group>"; };
		7550432A1D8CCC11007FB439 /* sel_mydy.png */ = {isa = PBXFileReference; lastKnownFileType = image.png; path = sel_mydy.png; sourceTree = "<group>"; };
		7550432B1D8CCC11007FB439 /* 返回按钮.png */ = {isa = PBXFileReference; lastKnownFileType = image.png; path = "返回按钮.png"; sourceTree = "<group>"; };
		7550432D1D8CCC11007FB439 /* EaseSDKHelper.h */ = {isa = PBXFileReference; fileEncoding = 4; lastKnownFileType = sourcecode.c.h; path = EaseSDKHelper.h; sourceTree = "<group>"; };
		7550432E1D8CCC11007FB439 /* EaseSDKHelper.m */ = {isa = PBXFileReference; fileEncoding = 4; lastKnownFileType = sourcecode.c.objc; path = EaseSDKHelper.m; sourceTree = "<group>"; };
		7550432F1D8CCC11007FB439 /* RJBase.h */ = {isa = PBXFileReference; fileEncoding = 4; lastKnownFileType = sourcecode.c.h; path = RJBase.h; sourceTree = "<group>"; };
		755043301D8CCC11007FB439 /* RJBase.m */ = {isa = PBXFileReference; fileEncoding = 4; lastKnownFileType = sourcecode.c.objc; path = RJBase.m; sourceTree = "<group>"; };
		755043311D8CCC11007FB439 /* RJChatTools.h */ = {isa = PBXFileReference; fileEncoding = 4; lastKnownFileType = sourcecode.c.h; path = RJChatTools.h; sourceTree = "<group>"; };
		755043321D8CCC11007FB439 /* RJChatTools.m */ = {isa = PBXFileReference; fileEncoding = 4; lastKnownFileType = sourcecode.c.objc; path = RJChatTools.m; sourceTree = "<group>"; };
		755043331D8CCC11007FB439 /* VDUrlObject.h */ = {isa = PBXFileReference; fileEncoding = 4; lastKnownFileType = sourcecode.c.h; path = VDUrlObject.h; sourceTree = "<group>"; };
		755043341D8CCC11007FB439 /* VDUrlObject.m */ = {isa = PBXFileReference; fileEncoding = 4; lastKnownFileType = sourcecode.c.objc; path = VDUrlObject.m; sourceTree = "<group>"; };
		755043371D8CCC11007FB439 /* RJBaseViewController.h */ = {isa = PBXFileReference; fileEncoding = 4; lastKnownFileType = sourcecode.c.h; path = RJBaseViewController.h; sourceTree = "<group>"; };
		755043381D8CCC11007FB439 /* RJBaseViewController.m */ = {isa = PBXFileReference; fileEncoding = 4; lastKnownFileType = sourcecode.c.objc; path = RJBaseViewController.m; sourceTree = "<group>"; };
		755043391D8CCC11007FB439 /* RJNavViewController.h */ = {isa = PBXFileReference; fileEncoding = 4; lastKnownFileType = sourcecode.c.h; path = RJNavViewController.h; sourceTree = "<group>"; };
		7550433A1D8CCC11007FB439 /* RJNavViewController.m */ = {isa = PBXFileReference; fileEncoding = 4; lastKnownFileType = sourcecode.c.objc; path = RJNavViewController.m; sourceTree = "<group>"; };
		7550433B1D8CCC11007FB439 /* RJTabViewController.h */ = {isa = PBXFileReference; fileEncoding = 4; lastKnownFileType = sourcecode.c.h; path = RJTabViewController.h; sourceTree = "<group>"; };
		7550433C1D8CCC11007FB439 /* RJTabViewController.m */ = {isa = PBXFileReference; fileEncoding = 4; lastKnownFileType = sourcecode.c.objc; path = RJTabViewController.m; sourceTree = "<group>"; };
		7550433F1D8CCC11007FB439 /* RJListTableViewController.h */ = {isa = PBXFileReference; fileEncoding = 4; lastKnownFileType = sourcecode.c.h; path = RJListTableViewController.h; sourceTree = "<group>"; };
		755043401D8CCC11007FB439 /* RJListTableViewController.m */ = {isa = PBXFileReference; fileEncoding = 4; lastKnownFileType = sourcecode.c.objc; path = RJListTableViewController.m; sourceTree = "<group>"; };
		755043431D8CCC11007FB439 /* AddContact.Storyboard */ = {isa = PBXFileReference; fileEncoding = 4; lastKnownFileType = file.storyboard; path = AddContact.Storyboard; sourceTree = "<group>"; };
		755043441D8CCC11007FB439 /* Main.storyboard */ = {isa = PBXFileReference; fileEncoding = 4; lastKnownFileType = file.storyboard; path = Main.storyboard; sourceTree = "<group>"; };
		755043451D8CCC11007FB439 /* RJTabbarController.storyboard */ = {isa = PBXFileReference; fileEncoding = 4; lastKnownFileType = file.storyboard; path = RJTabbarController.storyboard; sourceTree = "<group>"; };
		755043461D8CCC11007FB439 /* VDSelectImageViewController.storyboard */ = {isa = PBXFileReference; fileEncoding = 4; lastKnownFileType = file.storyboard; path = VDSelectImageViewController.storyboard; sourceTree = "<group>"; };
		755043491D8CCC11007FB439 /* RJDynamicViewController.h */ = {isa = PBXFileReference; fileEncoding = 4; lastKnownFileType = sourcecode.c.h; path = RJDynamicViewController.h; sourceTree = "<group>"; };
		7550434A1D8CCC11007FB439 /* RJDynamicViewController.m */ = {isa = PBXFileReference; fileEncoding = 4; lastKnownFileType = sourcecode.c.objc; path = RJDynamicViewController.m; sourceTree = "<group>"; };
		7550434E1D8CCC11007FB439 /* RegisterViewController.h */ = {isa = PBXFileReference; fileEncoding = 4; lastKnownFileType = sourcecode.c.h; path = RegisterViewController.h; sourceTree = "<group>"; };
		7550434F1D8CCC11007FB439 /* RegisterViewController.m */ = {isa = PBXFileReference; fileEncoding = 4; lastKnownFileType = sourcecode.c.objc; path = RegisterViewController.m; sourceTree = "<group>"; };
		755043501D8CCC11007FB439 /* VDSelectImageViewController.h */ = {isa = PBXFileReference; fileEncoding = 4; lastKnownFileType = sourcecode.c.h; path = VDSelectImageViewController.h; sourceTree = "<group>"; };
		755043511D8CCC11007FB439 /* VDSelectImageViewController.m */ = {isa = PBXFileReference; fileEncoding = 4; lastKnownFileType = sourcecode.c.objc; path = VDSelectImageViewController.m; sourceTree = "<group>"; };
		755043551D8CCC11007FB439 /* LogInViewController.h */ = {isa = PBXFileReference; fileEncoding = 4; lastKnownFileType = sourcecode.c.h; path = LogInViewController.h; sourceTree = "<group>"; };
		755043561D8CCC11007FB439 /* LogInViewController.m */ = {isa = PBXFileReference; fileEncoding = 4; lastKnownFileType = sourcecode.c.objc; path = LogInViewController.m; sourceTree = "<group>"; };
		755043581D8CCC11007FB439 /* RJBackView.h */ = {isa = PBXFileReference; fileEncoding = 4; lastKnownFileType = sourcecode.c.h; path = RJBackView.h; sourceTree = "<group>"; };
		755043591D8CCC11007FB439 /* RJBackView.m */ = {isa = PBXFileReference; fileEncoding = 4; lastKnownFileType = sourcecode.c.objc; path = RJBackView.m; sourceTree = "<group>"; };
		75907ACE1D8CE8BE00B760A3 /* female.png */ = {isa = PBXFileReference; lastKnownFileType = image.png; path = female.png; sourceTree = "<group>"; };
		75907ACF1D8CE8BE00B760A3 /* male.png */ = {isa = PBXFileReference; lastKnownFileType = image.png; path = male.png; sourceTree = "<group>"; };
		75907AD21D8CE8D700B760A3 /* sexselect.png */ = {isa = PBXFileReference; lastKnownFileType = image.png; path = sexselect.png; sourceTree = "<group>"; };
		75907AD41D8CE8E700B760A3 /* sexunselect.png */ = {isa = PBXFileReference; lastKnownFileType = image.png; path = sexunselect.png; sourceTree = "<group>"; };
		75907AD61D8CF06200B760A3 /* VDDatePickSelectView.h */ = {isa = PBXFileReference; fileEncoding = 4; lastKnownFileType = sourcecode.c.h; path = VDDatePickSelectView.h; sourceTree = "<group>"; };
		75907AD71D8CF06200B760A3 /* VDDatePickSelectView.m */ = {isa = PBXFileReference; fileEncoding = 4; lastKnownFileType = sourcecode.c.objc; path = VDDatePickSelectView.m; sourceTree = "<group>"; };
		75907AD91D8CF8E400B760A3 /* PQActionSheet.h */ = {isa = PBXFileReference; fileEncoding = 4; lastKnownFileType = sourcecode.c.h; path = PQActionSheet.h; sourceTree = "<group>"; };
		75907ADA1D8CF8E400B760A3 /* PQActionSheet.m */ = {isa = PBXFileReference; fileEncoding = 4; lastKnownFileType = sourcecode.c.objc; path = PQActionSheet.m; sourceTree = "<group>"; };
		75907ADC1D8D260D00B760A3 /* btn.png */ = {isa = PBXFileReference; lastKnownFileType = image.png; path = btn.png; sourceTree = "<group>"; };
/* End PBXFileReference section */

/* Begin PBXFrameworksBuildPhase section */
		755042961D8CC602007FB439 /* Frameworks */ = {
			isa = PBXFrameworksBuildPhase;
			buildActionMask = 2147483647;
			files = (
				061D7D61C2875B6BE8FF8994 /* Pods_chatDemo.framework in Frameworks */,
			);
			runOnlyForDeploymentPostprocessing = 0;
		};
		755042AF1D8CC602007FB439 /* Frameworks */ = {
			isa = PBXFrameworksBuildPhase;
			buildActionMask = 2147483647;
			files = (
			);
			runOnlyForDeploymentPostprocessing = 0;
		};
		755042BA1D8CC602007FB439 /* Frameworks */ = {
			isa = PBXFrameworksBuildPhase;
			buildActionMask = 2147483647;
			files = (
			);
			runOnlyForDeploymentPostprocessing = 0;
		};
/* End PBXFrameworksBuildPhase section */

/* Begin PBXGroup section */
		6BBF84D51F680AA0403EA25E /* Pods */ = {
			isa = PBXGroup;
			children = (
				3DEBA013D96FE6B209AA3CD5 /* Pods-chatDemo.debug.xcconfig */,
				4292B9741B4391C62F320291 /* Pods-chatDemo.release.xcconfig */,
			);
			name = Pods;
			sourceTree = "<group>";
		};
		755042901D8CC602007FB439 = {
			isa = PBXGroup;
			children = (
				7550429B1D8CC602007FB439 /* chatDemo */,
				755042B51D8CC602007FB439 /* chatDemoTests */,
				755042C01D8CC602007FB439 /* chatDemoUITests */,
				7550429A1D8CC602007FB439 /* Products */,
				6BBF84D51F680AA0403EA25E /* Pods */,
				CEC0E2408ED6DBDC82C7307D /* Frameworks */,
			);
			sourceTree = "<group>";
		};
		7550429A1D8CC602007FB439 /* Products */ = {
			isa = PBXGroup;
			children = (
				755042991D8CC602007FB439 /* chatDemo.app */,
				755042B21D8CC602007FB439 /* chatDemoTests.xctest */,
				755042BD1D8CC602007FB439 /* chatDemoUITests.xctest */,
			);
			name = Products;
			sourceTree = "<group>";
		};
		7550429B1D8CC602007FB439 /* chatDemo */ = {
			isa = PBXGroup;
			children = (
				755043111D8CCC11007FB439 /* FileManager */,
				755043181D8CCC11007FB439 /* requestEngine */,
				755043211D8CCC11007FB439 /* resource */,
				7550432C1D8CCC11007FB439 /* tools */,
				755043351D8CCC11007FB439 /* UI */,
				755043031D8CCBFF007FB439 /* controller */,
				7550430A1D8CCBFF007FB439 /* engine manager */,
				755042E71D8CCBEA007FB439 /* catetory */,
				755042DE1D8CCBE2007FB439 /* storyboard */,
				755042D11D8CCBD8007FB439 /* 侧滑工具栏 */,
				7550429F1D8CC602007FB439 /* AppDelegate.h */,
				755042A01D8CC602007FB439 /* AppDelegate.m */,
				755042A21D8CC602007FB439 /* ViewController.h */,
				755042A31D8CC602007FB439 /* ViewController.m */,
				755042A81D8CC602007FB439 /* Assets.xcassets */,
				755042AA1D8CC602007FB439 /* LaunchScreen.storyboard */,
				755042AD1D8CC602007FB439 /* Info.plist */,
				7550429C1D8CC602007FB439 /* Supporting Files */,
				755042CF1D8CC7D7007FB439 /* Header.h */,
				755042D01D8CC7F0007FB439 /* PrefixHeader.pch */,
			);
			path = chatDemo;
			sourceTree = "<group>";
		};
		7550429C1D8CC602007FB439 /* Supporting Files */ = {
			isa = PBXGroup;
			children = (
				7550429D1D8CC602007FB439 /* main.m */,
			);
			name = "Supporting Files";
			sourceTree = "<group>";
		};
		755042B51D8CC602007FB439 /* chatDemoTests */ = {
			isa = PBXGroup;
			children = (
				755042B61D8CC602007FB439 /* chatDemoTests.m */,
				755042B81D8CC602007FB439 /* Info.plist */,
			);
			path = chatDemoTests;
			sourceTree = "<group>";
		};
		755042C01D8CC602007FB439 /* chatDemoUITests */ = {
			isa = PBXGroup;
			children = (
				755042C11D8CC602007FB439 /* chatDemoUITests.m */,
				755042C31D8CC602007FB439 /* Info.plist */,
			);
			path = chatDemoUITests;
			sourceTree = "<group>";
		};
		755042D11D8CCBD8007FB439 /* 侧滑工具栏 */ = {
			isa = PBXGroup;
			children = (
				755042D21D8CCBD8007FB439 /* LeftSlideViewController.h */,
				755042D31D8CCBD8007FB439 /* LeftSlideViewController.m */,
				755042D41D8CCBD8007FB439 /* LeftSortsViewController.h */,
				755042D51D8CCBD8007FB439 /* LeftSortsViewController.m */,
				755042D61D8CCBD8007FB439 /* MainPageViewController.h */,
				755042D71D8CCBD8007FB439 /* MainPageViewController.m */,
				755042D81D8CCBD8007FB439 /* UIView_extra.h */,
				755042D91D8CCBD8007FB439 /* UIView_extra.m */,
			);
			path = "侧滑工具栏";
			sourceTree = "<group>";
		};
		755042DE1D8CCBE2007FB439 /* storyboard */ = {
			isa = PBXGroup;
			children = (
				755042E01D8CCBE2007FB439 /* Main.storyboard */,
				755042E11D8CCBE2007FB439 /* RJTabbarController.storyboard */,
				755042E21D8CCBE2007FB439 /* VDSelect.storyboard */,
			);
			path = storyboard;
			sourceTree = "<group>";
		};
		755042E71D8CCBEA007FB439 /* catetory */ = {
			isa = PBXGroup;
			children = (
				755042E81D8CCBEA007FB439 /* AppDelegate+EaseMob.h */,
				755042E91D8CCBEA007FB439 /* AppDelegate+EaseMob.m */,
				755042EA1D8CCBEA007FB439 /* AppDelegate+EaseMobDebug.h */,
				755042EB1D8CCBEA007FB439 /* AppDelegate+EaseMobDebug.m */,
				755042EC1D8CCBEA007FB439 /* NSString+MD5.h */,
				755042ED1D8CCBEA007FB439 /* NSString+MD5.m */,
				755042EE1D8CCBEA007FB439 /* NSString+VDisValid.h */,
				755042EF1D8CCBEA007FB439 /* NSString+VDisValid.m */,
				755042F01D8CCBEA007FB439 /* UIButton+ButtonThread.h */,
				755042F11D8CCBEA007FB439 /* UIButton+ButtonThread.m */,
				755042F21D8CCBEA007FB439 /* UIColor+getColor.h */,
				755042F31D8CCBEA007FB439 /* UIColor+getColor.m */,
				755042F41D8CCBEA007FB439 /* UIImage+ScaleImage.h */,
				755042F51D8CCBEA007FB439 /* UIImage+ScaleImage.m */,
				755042F61D8CCBEA007FB439 /* UIImageView+Utils.h */,
				755042F71D8CCBEA007FB439 /* UIImageView+Utils.m */,
				755042F81D8CCBEA007FB439 /* UIViewController+VDAlertController.h */,
				755042F91D8CCBEA007FB439 /* UIViewController+VDAlertController.m */,
			);
			path = catetory;
			sourceTree = "<group>";
		};
		755043031D8CCBFF007FB439 /* controller */ = {
			isa = PBXGroup;
			children = (
				755043041D8CCBFF007FB439 /* RJAddContactPersonViewController.h */,
				755043051D8CCBFF007FB439 /* RJAddContactPersonViewController.m */,
				755043061D8CCBFF007FB439 /* RJContactCell.h */,
				755043071D8CCBFF007FB439 /* RJContactCell.m */,
				755043081D8CCBFF007FB439 /* RJContactViewController.h */,
				755043091D8CCBFF007FB439 /* RJContactViewController.m */,
			);
			path = controller;
			sourceTree = "<group>";
		};
		7550430A1D8CCBFF007FB439 /* engine manager */ = {
			isa = PBXGroup;
			children = (
				7550430B1D8CCBFF007FB439 /* RJEngineManager.h */,
				7550430C1D8CCBFF007FB439 /* RJEngineManager.m */,
			);
			path = "engine manager";
			sourceTree = "<group>";
		};
		755043111D8CCC11007FB439 /* FileManager */ = {
			isa = PBXGroup;
			children = (
				755043121D8CCC11007FB439 /* OTFileManager.h */,
				755043131D8CCC11007FB439 /* OTFileManager.m */,
				755043141D8CCC11007FB439 /* VDFileManager.h */,
				755043151D8CCC11007FB439 /* VDFileManager.m */,
				755043161D8CCC11007FB439 /* VDTDBEnginer.h */,
				755043171D8CCC11007FB439 /* VDTDBEnginer.m */,
			);
			path = FileManager;
			sourceTree = "<group>";
		};
		755043181D8CCC11007FB439 /* requestEngine */ = {
			isa = PBXGroup;
			children = (
				755043191D8CCC11007FB439 /* VDHTTPRequestOperationManager.h */,
				7550431A1D8CCC11007FB439 /* VDHTTPRequestOperationManager.m */,
				7550431B1D8CCC11007FB439 /* VDHttpResponse.h */,
				7550431C1D8CCC11007FB439 /* VDHttpResponse.m */,
				7550431D1D8CCC11007FB439 /* VDRequestEngine.h */,
				7550431E1D8CCC11007FB439 /* VDRequestEngine.m */,
				7550431F1D8CCC11007FB439 /* VDUserInfoEngine.h */,
				755043201D8CCC11007FB439 /* VDUserInfoEngine.m */,
			);
			path = requestEngine;
			sourceTree = "<group>";
		};
		755043211D8CCC11007FB439 /* resource */ = {
			isa = PBXGroup;
			children = (
				75907ADC1D8D260D00B760A3 /* btn.png */,
				75907AD21D8CE8D700B760A3 /* sexselect.png */,
				75907AD41D8CE8E700B760A3 /* sexunselect.png */,
				75907ACE1D8CE8BE00B760A3 /* female.png */,
				75907ACF1D8CE8BE00B760A3 /* male.png */,
				755043221D8CCC11007FB439 /* add.png */,
				755043231D8CCC11007FB439 /* contact.png */,
				755043241D8CCC11007FB439 /* leftbackiamge.png */,
				755043251D8CCC11007FB439 /* msg.png */,
				755043261D8CCC11007FB439 /* mydy.png */,
				755043271D8CCC11007FB439 /* qq.png */,
				755043281D8CCC11007FB439 /* sel_contact.png */,
				755043291D8CCC11007FB439 /* sel_msg.png */,
				7550432A1D8CCC11007FB439 /* sel_mydy.png */,
				7550432B1D8CCC11007FB439 /* 返回按钮.png */,
			);
			path = resource;
			sourceTree = "<group>";
		};
		7550432C1D8CCC11007FB439 /* tools */ = {
			isa = PBXGroup;
			children = (
				7550432D1D8CCC11007FB439 /* EaseSDKHelper.h */,
				7550432E1D8CCC11007FB439 /* EaseSDKHelper.m */,
				7550432F1D8CCC11007FB439 /* RJBase.h */,
				755043301D8CCC11007FB439 /* RJBase.m */,
				755043311D8CCC11007FB439 /* RJChatTools.h */,
				755043321D8CCC11007FB439 /* RJChatTools.m */,
				755043331D8CCC11007FB439 /* VDUrlObject.h */,
				755043341D8CCC11007FB439 /* VDUrlObject.m */,
			);
			path = tools;
			sourceTree = "<group>";
		};
		755043351D8CCC11007FB439 /* UI */ = {
			isa = PBXGroup;
			children = (
				755043361D8CCC11007FB439 /* base  controller */,
				7550433D1D8CCC11007FB439 /* list */,
				755043421D8CCC11007FB439 /* storyboard */,
				755043471D8CCC11007FB439 /* 我的动态 */,
				7550434C1D8CCC11007FB439 /* 注册 */,
				755043531D8CCC11007FB439 /* 登录 */,
			);
			path = UI;
			sourceTree = "<group>";
		};
		755043361D8CCC11007FB439 /* base  controller */ = {
			isa = PBXGroup;
			children = (
				755043371D8CCC11007FB439 /* RJBaseViewController.h */,
				755043381D8CCC11007FB439 /* RJBaseViewController.m */,
				755043391D8CCC11007FB439 /* RJNavViewController.h */,
				7550433A1D8CCC11007FB439 /* RJNavViewController.m */,
				7550433B1D8CCC11007FB439 /* RJTabViewController.h */,
				7550433C1D8CCC11007FB439 /* RJTabViewController.m */,
			);
			path = "base  controller";
			sourceTree = "<group>";
		};
		7550433D1D8CCC11007FB439 /* list */ = {
			isa = PBXGroup;
			children = (
				7550433E1D8CCC11007FB439 /* controller */,
				755043411D8CCC11007FB439 /* view */,
			);
			path = list;
			sourceTree = "<group>";
		};
		7550433E1D8CCC11007FB439 /* controller */ = {
			isa = PBXGroup;
			children = (
				7550433F1D8CCC11007FB439 /* RJListTableViewController.h */,
				755043401D8CCC11007FB439 /* RJListTableViewController.m */,
			);
			path = controller;
			sourceTree = "<group>";
		};
		755043411D8CCC11007FB439 /* view */ = {
			isa = PBXGroup;
			children = (
			);
			path = view;
			sourceTree = "<group>";
		};
		755043421D8CCC11007FB439 /* storyboard */ = {
			isa = PBXGroup;
			children = (
				755043431D8CCC11007FB439 /* AddContact.Storyboard */,
				755043441D8CCC11007FB439 /* Main.storyboard */,
				755043451D8CCC11007FB439 /* RJTabbarController.storyboard */,
				755043461D8CCC11007FB439 /* VDSelectImageViewController.storyboard */,
			);
			path = storyboard;
			sourceTree = "<group>";
		};
		755043471D8CCC11007FB439 /* 我的动态 */ = {
			isa = PBXGroup;
			children = (
				755043481D8CCC11007FB439 /* controller */,
				7550434B1D8CCC11007FB439 /* view */,
			);
			path = "我的动态";
			sourceTree = "<group>";
		};
		755043481D8CCC11007FB439 /* controller */ = {
			isa = PBXGroup;
			children = (
				755043491D8CCC11007FB439 /* RJDynamicViewController.h */,
				7550434A1D8CCC11007FB439 /* RJDynamicViewController.m */,
			);
			path = controller;
			sourceTree = "<group>";
		};
		7550434B1D8CCC11007FB439 /* view */ = {
			isa = PBXGroup;
			children = (
			);
			path = view;
			sourceTree = "<group>";
		};
		7550434C1D8CCC11007FB439 /* 注册 */ = {
			isa = PBXGroup;
			children = (
				7550434D1D8CCC11007FB439 /* controller */,
				755043521D8CCC11007FB439 /* view */,
			);
			path = "注册";
			sourceTree = "<group>";
		};
		7550434D1D8CCC11007FB439 /* controller */ = {
			isa = PBXGroup;
			children = (
				7550434E1D8CCC11007FB439 /* RegisterViewController.h */,
				7550434F1D8CCC11007FB439 /* RegisterViewController.m */,
				755043501D8CCC11007FB439 /* VDSelectImageViewController.h */,
				755043511D8CCC11007FB439 /* VDSelectImageViewController.m */,
			);
			path = controller;
			sourceTree = "<group>";
		};
		755043521D8CCC11007FB439 /* view */ = {
			isa = PBXGroup;
			children = (
				75907AD91D8CF8E400B760A3 /* PQActionSheet.h */,
				75907ADA1D8CF8E400B760A3 /* PQActionSheet.m */,
				75907AD61D8CF06200B760A3 /* VDDatePickSelectView.h */,
				75907AD71D8CF06200B760A3 /* VDDatePickSelectView.m */,
			);
			path = view;
			sourceTree = "<group>";
		};
		755043531D8CCC11007FB439 /* 登录 */ = {
			isa = PBXGroup;
			children = (
				755043541D8CCC11007FB439 /* controlelr */,
				755043571D8CCC11007FB439 /* view */,
			);
			path = "登录";
			sourceTree = "<group>";
		};
		755043541D8CCC11007FB439 /* controlelr */ = {
			isa = PBXGroup;
			children = (
				755043551D8CCC11007FB439 /* LogInViewController.h */,
				755043561D8CCC11007FB439 /* LogInViewController.m */,
			);
			path = controlelr;
			sourceTree = "<group>";
		};
		755043571D8CCC11007FB439 /* view */ = {
			isa = PBXGroup;
			children = (
				755043581D8CCC11007FB439 /* RJBackView.h */,
				755043591D8CCC11007FB439 /* RJBackView.m */,
			);
			path = view;
			sourceTree = "<group>";
		};
		CEC0E2408ED6DBDC82C7307D /* Frameworks */ = {
			isa = PBXGroup;
			children = (
				6D4620D5C71AB8DCBE55A276 /* Pods_chatDemo.framework */,
			);
			name = Frameworks;
			sourceTree = "<group>";
		};
/* End PBXGroup section */

/* Begin PBXNativeTarget section */
		755042981D8CC602007FB439 /* chatDemo */ = {
			isa = PBXNativeTarget;
			buildConfigurationList = 755042C61D8CC602007FB439 /* Build configuration list for PBXNativeTarget "chatDemo" */;
			buildPhases = (
				DE4BD9366C4A86C2BA025EE7 /* [CP] Check Pods Manifest.lock */,
				755042951D8CC602007FB439 /* Sources */,
				755042961D8CC602007FB439 /* Frameworks */,
				755042971D8CC602007FB439 /* Resources */,
				F1959A2B7F736C6B570E1AC9 /* [CP] Embed Pods Frameworks */,
				C31929CB7BB08B93EB0CBEC5 /* [CP] Copy Pods Resources */,
			);
			buildRules = (
			);
			dependencies = (
			);
			name = chatDemo;
			productName = chatDemo;
			productReference = 755042991D8CC602007FB439 /* chatDemo.app */;
			productType = "com.apple.product-type.application";
		};
		755042B11D8CC602007FB439 /* chatDemoTests */ = {
			isa = PBXNativeTarget;
			buildConfigurationList = 755042C91D8CC602007FB439 /* Build configuration list for PBXNativeTarget "chatDemoTests" */;
			buildPhases = (
				755042AE1D8CC602007FB439 /* Sources */,
				755042AF1D8CC602007FB439 /* Frameworks */,
				755042B01D8CC602007FB439 /* Resources */,
			);
			buildRules = (
			);
			dependencies = (
				755042B41D8CC602007FB439 /* PBXTargetDependency */,
			);
			name = chatDemoTests;
			productName = chatDemoTests;
			productReference = 755042B21D8CC602007FB439 /* chatDemoTests.xctest */;
			productType = "com.apple.product-type.bundle.unit-test";
		};
		755042BC1D8CC602007FB439 /* chatDemoUITests */ = {
			isa = PBXNativeTarget;
			buildConfigurationList = 755042CC1D8CC602007FB439 /* Build configuration list for PBXNativeTarget "chatDemoUITests" */;
			buildPhases = (
				755042B91D8CC602007FB439 /* Sources */,
				755042BA1D8CC602007FB439 /* Frameworks */,
				755042BB1D8CC602007FB439 /* Resources */,
			);
			buildRules = (
			);
			dependencies = (
				755042BF1D8CC602007FB439 /* PBXTargetDependency */,
			);
			name = chatDemoUITests;
			productName = chatDemoUITests;
			productReference = 755042BD1D8CC602007FB439 /* chatDemoUITests.xctest */;
			productType = "com.apple.product-type.bundle.ui-testing";
		};
/* End PBXNativeTarget section */

/* Begin PBXProject section */
		755042911D8CC602007FB439 /* Project object */ = {
			isa = PBXProject;
			attributes = {
				LastUpgradeCheck = 0800;
				ORGANIZATIONNAME = vd;
				TargetAttributes = {
					755042981D8CC602007FB439 = {
						CreatedOnToolsVersion = 8.0;
						DevelopmentTeam = R6B5BG54J2;
						ProvisioningStyle = Automatic;
					};
					755042B11D8CC602007FB439 = {
						CreatedOnToolsVersion = 8.0;
						ProvisioningStyle = Automatic;
						TestTargetID = 755042981D8CC602007FB439;
					};
					755042BC1D8CC602007FB439 = {
						CreatedOnToolsVersion = 8.0;
						ProvisioningStyle = Automatic;
						TestTargetID = 755042981D8CC602007FB439;
					};
				};
			};
			buildConfigurationList = 755042941D8CC602007FB439 /* Build configuration list for PBXProject "chatDemo" */;
			compatibilityVersion = "Xcode 3.2";
			developmentRegion = English;
			hasScannedForEncodings = 0;
			knownRegions = (
				en,
				Base,
			);
			mainGroup = 755042901D8CC602007FB439;
			productRefGroup = 7550429A1D8CC602007FB439 /* Products */;
			projectDirPath = "";
			projectRoot = "";
			targets = (
				755042981D8CC602007FB439 /* chatDemo */,
				755042B11D8CC602007FB439 /* chatDemoTests */,
				755042BC1D8CC602007FB439 /* chatDemoUITests */,
			);
		};
/* End PBXProject section */

/* Begin PBXResourcesBuildPhase section */
		755042971D8CC602007FB439 /* Resources */ = {
			isa = PBXResourcesBuildPhase;
			buildActionMask = 2147483647;
			files = (
				75907AD51D8CE8E700B760A3 /* sexunselect.png in Resources */,
				7550436A1D8CCC11007FB439 /* 返回按钮.png in Resources */,
				755043731D8CCC11007FB439 /* AddContact.Storyboard in Resources */,
				755043661D8CCC11007FB439 /* qq.png in Resources */,
				755042E61D8CCBE2007FB439 /* VDSelect.storyboard in Resources */,
				755042AC1D8CC602007FB439 /* LaunchScreen.storyboard in Resources */,
				75907ADD1D8D260D00B760A3 /* btn.png in Resources */,
				755043651D8CCC11007FB439 /* mydy.png in Resources */,
				75907AD31D8CE8D700B760A3 /* sexselect.png in Resources */,
				755042E41D8CCBE2007FB439 /* Main.storyboard in Resources */,
				75907AD01D8CE8BE00B760A3 /* female.png in Resources */,
				755043691D8CCC11007FB439 /* sel_mydy.png in Resources */,
				755043751D8CCC11007FB439 /* RJTabbarController.storyboard in Resources */,
				755043611D8CCC11007FB439 /* add.png in Resources */,
				75907AD11D8CE8BE00B760A3 /* male.png in Resources */,
				755042E51D8CCBE2007FB439 /* RJTabbarController.storyboard in Resources */,
				755043621D8CCC11007FB439 /* contact.png in Resources */,
				755042A91D8CC602007FB439 /* Assets.xcassets in Resources */,
				755043681D8CCC11007FB439 /* sel_msg.png in Resources */,
				755043761D8CCC11007FB439 /* VDSelectImageViewController.storyboard in Resources */,
				755043671D8CCC11007FB439 /* sel_contact.png in Resources */,
				755043631D8CCC11007FB439 /* leftbackiamge.png in Resources */,
				755043741D8CCC11007FB439 /* Main.storyboard in Resources */,
				755043641D8CCC11007FB439 /* msg.png in Resources */,
			);
			runOnlyForDeploymentPostprocessing = 0;
		};
		755042B01D8CC602007FB439 /* Resources */ = {
			isa = PBXResourcesBuildPhase;
			buildActionMask = 2147483647;
			files = (
			);
			runOnlyForDeploymentPostprocessing = 0;
		};
		755042BB1D8CC602007FB439 /* Resources */ = {
			isa = PBXResourcesBuildPhase;
			buildActionMask = 2147483647;
			files = (
			);
			runOnlyForDeploymentPostprocessing = 0;
		};
/* End PBXResourcesBuildPhase section */

/* Begin PBXShellScriptBuildPhase section */
		C31929CB7BB08B93EB0CBEC5 /* [CP] Copy Pods Resources */ = {
			isa = PBXShellScriptBuildPhase;
			buildActionMask = 2147483647;
			files = (
			);
			inputPaths = (
			);
			name = "[CP] Copy Pods Resources";
			outputPaths = (
			);
			runOnlyForDeploymentPostprocessing = 0;
			shellPath = /bin/sh;
			shellScript = "\"${SRCROOT}/Pods/Target Support Files/Pods-chatDemo/Pods-chatDemo-resources.sh\"\n";
			showEnvVarsInLog = 0;
		};
		DE4BD9366C4A86C2BA025EE7 /* [CP] Check Pods Manifest.lock */ = {
			isa = PBXShellScriptBuildPhase;
			buildActionMask = 2147483647;
			files = (
			);
			inputPaths = (
			);
			name = "[CP] Check Pods Manifest.lock";
			outputPaths = (
			);
			runOnlyForDeploymentPostprocessing = 0;
			shellPath = /bin/sh;
			shellScript = "diff \"${PODS_ROOT}/../Podfile.lock\" \"${PODS_ROOT}/Manifest.lock\" > /dev/null\nif [[ $? != 0 ]] ; then\n    cat << EOM\nerror: The sandbox is not in sync with the Podfile.lock. Run 'pod install' or update your CocoaPods installation.\nEOM\n    exit 1\nfi\n";
			showEnvVarsInLog = 0;
		};
		F1959A2B7F736C6B570E1AC9 /* [CP] Embed Pods Frameworks */ = {
			isa = PBXShellScriptBuildPhase;
			buildActionMask = 2147483647;
			files = (
			);
			inputPaths = (
			);
			name = "[CP] Embed Pods Frameworks";
			outputPaths = (
			);
			runOnlyForDeploymentPostprocessing = 0;
			shellPath = /bin/sh;
			shellScript = "\"${SRCROOT}/Pods/Target Support Files/Pods-chatDemo/Pods-chatDemo-frameworks.sh\"\n";
			showEnvVarsInLog = 0;
		};
/* End PBXShellScriptBuildPhase section */

/* Begin PBXSourcesBuildPhase section */
		755042951D8CC602007FB439 /* Sources */ = {
			isa = PBXSourcesBuildPhase;
			buildActionMask = 2147483647;
			files = (
				7550435E1D8CCC11007FB439 /* VDHttpResponse.m in Sources */,
				755043011D8CCBEA007FB439 /* UIImageView+Utils.m in Sources */,
				755043781D8CCC11007FB439 /* RegisterViewController.m in Sources */,
				7550435B1D8CCC11007FB439 /* VDFileManager.m in Sources */,
				755042DB1D8CCBD8007FB439 /* LeftSortsViewController.m in Sources */,
				755043771D8CCC11007FB439 /* RJDynamicViewController.m in Sources */,
				755042FD1D8CCBEA007FB439 /* NSString+VDisValid.m in Sources */,
				7550437B1D8CCC11007FB439 /* RJBackView.m in Sources */,
				755042A41D8CC602007FB439 /* ViewController.m in Sources */,
				755043601D8CCC11007FB439 /* VDUserInfoEngine.m in Sources */,
				75907AD81D8CF06200B760A3 /* VDDatePickSelectView.m in Sources */,
				7550436F1D8CCC11007FB439 /* RJBaseViewController.m in Sources */,
				755042FC1D8CCBEA007FB439 /* NSString+MD5.m in Sources */,
				755043101D8CCBFF007FB439 /* RJEngineManager.m in Sources */,
				7550436D1D8CCC11007FB439 /* RJChatTools.m in Sources */,
				7550435A1D8CCC11007FB439 /* OTFileManager.m in Sources */,
				755043711D8CCC11007FB439 /* RJTabViewController.m in Sources */,
				755042FF1D8CCBEA007FB439 /* UIColor+getColor.m in Sources */,
				755042DC1D8CCBD8007FB439 /* MainPageViewController.m in Sources */,
				7550430D1D8CCBFF007FB439 /* RJAddContactPersonViewController.m in Sources */,
				755043721D8CCC11007FB439 /* RJListTableViewController.m in Sources */,
				7550435C1D8CCC11007FB439 /* VDTDBEnginer.m in Sources */,
				7550430E1D8CCBFF007FB439 /* RJContactCell.m in Sources */,
				755042FA1D8CCBEA007FB439 /* AppDelegate+EaseMob.m in Sources */,
				7550436E1D8CCC11007FB439 /* VDUrlObject.m in Sources */,
				755042DD1D8CCBD8007FB439 /* UIView_extra.m in Sources */,
				755043701D8CCC11007FB439 /* RJNavViewController.m in Sources */,
				755043001D8CCBEA007FB439 /* UIImage+ScaleImage.m in Sources */,
				7550436B1D8CCC11007FB439 /* EaseSDKHelper.m in Sources */,
				755042FE1D8CCBEA007FB439 /* UIButton+ButtonThread.m in Sources */,
				7550435D1D8CCC11007FB439 /* VDHTTPRequestOperationManager.m in Sources */,
				7550435F1D8CCC11007FB439 /* VDRequestEngine.m in Sources */,
				755042A11D8CC602007FB439 /* AppDelegate.m in Sources */,
				755042FB1D8CCBEA007FB439 /* AppDelegate+EaseMobDebug.m in Sources */,
				7550437A1D8CCC11007FB439 /* LogInViewController.m in Sources */,
				755043021D8CCBEA007FB439 /* UIViewController+VDAlertController.m in Sources */,
				7550436C1D8CCC11007FB439 /* RJBase.m in Sources */,
				755043791D8CCC11007FB439 /* VDSelectImageViewController.m in Sources */,
				75907ADB1D8CF8E400B760A3 /* PQActionSheet.m in Sources */,
				7550429E1D8CC602007FB439 /* main.m in Sources */,
				755042DA1D8CCBD8007FB439 /* LeftSlideViewController.m in Sources */,
				7550430F1D8CCBFF007FB439 /* RJContactViewController.m in Sources */,
			);
			runOnlyForDeploymentPostprocessing = 0;
		};
		755042AE1D8CC602007FB439 /* Sources */ = {
			isa = PBXSourcesBuildPhase;
			buildActionMask = 2147483647;
			files = (
				755042B71D8CC602007FB439 /* chatDemoTests.m in Sources */,
			);
			runOnlyForDeploymentPostprocessing = 0;
		};
		755042B91D8CC602007FB439 /* Sources */ = {
			isa = PBXSourcesBuildPhase;
			buildActionMask = 2147483647;
			files = (
				755042C21D8CC602007FB439 /* chatDemoUITests.m in Sources */,
			);
			runOnlyForDeploymentPostprocessing = 0;
		};
/* End PBXSourcesBuildPhase section */

/* Begin PBXTargetDependency section */
		755042B41D8CC602007FB439 /* PBXTargetDependency */ = {
			isa = PBXTargetDependency;
			target = 755042981D8CC602007FB439 /* chatDemo */;
			targetProxy = 755042B31D8CC602007FB439 /* PBXContainerItemProxy */;
		};
		755042BF1D8CC602007FB439 /* PBXTargetDependency */ = {
			isa = PBXTargetDependency;
			target = 755042981D8CC602007FB439 /* chatDemo */;
			targetProxy = 755042BE1D8CC602007FB439 /* PBXContainerItemProxy */;
		};
/* End PBXTargetDependency section */

/* Begin PBXVariantGroup section */
		755042AA1D8CC602007FB439 /* LaunchScreen.storyboard */ = {
			isa = PBXVariantGroup;
			children = (
				755042AB1D8CC602007FB439 /* Base */,
			);
			name = LaunchScreen.storyboard;
			sourceTree = "<group>";
		};
/* End PBXVariantGroup section */

/* Begin XCBuildConfiguration section */
		755042C41D8CC602007FB439 /* Debug */ = {
			isa = XCBuildConfiguration;
			buildSettings = {
				ALWAYS_SEARCH_USER_PATHS = NO;
				CLANG_ANALYZER_NONNULL = YES;
				CLANG_CXX_LANGUAGE_STANDARD = "gnu++0x";
				CLANG_CXX_LIBRARY = "libc++";
				CLANG_ENABLE_MODULES = YES;
				CLANG_ENABLE_OBJC_ARC = YES;
				CLANG_WARN_BOOL_CONVERSION = YES;
				CLANG_WARN_CONSTANT_CONVERSION = YES;
				CLANG_WARN_DIRECT_OBJC_ISA_USAGE = YES_ERROR;
				CLANG_WARN_DOCUMENTATION_COMMENTS = YES;
				CLANG_WARN_EMPTY_BODY = YES;
				CLANG_WARN_ENUM_CONVERSION = YES;
				CLANG_WARN_INFINITE_RECURSION = YES;
				CLANG_WARN_INT_CONVERSION = YES;
				CLANG_WARN_OBJC_ROOT_CLASS = YES_ERROR;
				CLANG_WARN_SUSPICIOUS_MOVES = YES;
				CLANG_WARN_UNREACHABLE_CODE = YES;
				CLANG_WARN__DUPLICATE_METHOD_MATCH = YES;
				"CODE_SIGN_IDENTITY[sdk=iphoneos*]" = "iPhone Developer";
				COPY_PHASE_STRIP = NO;
				DEBUG_INFORMATION_FORMAT = dwarf;
				ENABLE_STRICT_OBJC_MSGSEND = YES;
				ENABLE_TESTABILITY = YES;
				GCC_C_LANGUAGE_STANDARD = gnu99;
				GCC_DYNAMIC_NO_PIC = NO;
				GCC_NO_COMMON_BLOCKS = YES;
				GCC_OPTIMIZATION_LEVEL = 0;
				GCC_PREPROCESSOR_DEFINITIONS = (
					"DEBUG=1",
					"$(inherited)",
				);
				GCC_WARN_64_TO_32_BIT_CONVERSION = YES;
				GCC_WARN_ABOUT_RETURN_TYPE = YES_ERROR;
				GCC_WARN_UNDECLARED_SELECTOR = YES;
				GCC_WARN_UNINITIALIZED_AUTOS = YES_AGGRESSIVE;
				GCC_WARN_UNUSED_FUNCTION = YES;
				GCC_WARN_UNUSED_VARIABLE = YES;
				IPHONEOS_DEPLOYMENT_TARGET = 10.0;
				MTL_ENABLE_DEBUG_INFO = YES;
				ONLY_ACTIVE_ARCH = YES;
				SDKROOT = iphoneos;
			};
			name = Debug;
		};
		755042C51D8CC602007FB439 /* Release */ = {
			isa = XCBuildConfiguration;
			buildSettings = {
				ALWAYS_SEARCH_USER_PATHS = NO;
				CLANG_ANALYZER_NONNULL = YES;
				CLANG_CXX_LANGUAGE_STANDARD = "gnu++0x";
				CLANG_CXX_LIBRARY = "libc++";
				CLANG_ENABLE_MODULES = YES;
				CLANG_ENABLE_OBJC_ARC = YES;
				CLANG_WARN_BOOL_CONVERSION = YES;
				CLANG_WARN_CONSTANT_CONVERSION = YES;
				CLANG_WARN_DIRECT_OBJC_ISA_USAGE = YES_ERROR;
				CLANG_WARN_DOCUMENTATION_COMMENTS = YES;
				CLANG_WARN_EMPTY_BODY = YES;
				CLANG_WARN_ENUM_CONVERSION = YES;
				CLANG_WARN_INFINITE_RECURSION = YES;
				CLANG_WARN_INT_CONVERSION = YES;
				CLANG_WARN_OBJC_ROOT_CLASS = YES_ERROR;
				CLANG_WARN_SUSPICIOUS_MOVES = YES;
				CLANG_WARN_UNREACHABLE_CODE = YES;
				CLANG_WARN__DUPLICATE_METHOD_MATCH = YES;
				"CODE_SIGN_IDENTITY[sdk=iphoneos*]" = "iPhone Developer";
				COPY_PHASE_STRIP = NO;
				DEBUG_INFORMATION_FORMAT = "dwarf-with-dsym";
				ENABLE_NS_ASSERTIONS = NO;
				ENABLE_STRICT_OBJC_MSGSEND = YES;
				GCC_C_LANGUAGE_STANDARD = gnu99;
				GCC_NO_COMMON_BLOCKS = YES;
				GCC_WARN_64_TO_32_BIT_CONVERSION = YES;
				GCC_WARN_ABOUT_RETURN_TYPE = YES_ERROR;
				GCC_WARN_UNDECLARED_SELECTOR = YES;
				GCC_WARN_UNINITIALIZED_AUTOS = YES_AGGRESSIVE;
				GCC_WARN_UNUSED_FUNCTION = YES;
				GCC_WARN_UNUSED_VARIABLE = YES;
				IPHONEOS_DEPLOYMENT_TARGET = 10.0;
				MTL_ENABLE_DEBUG_INFO = NO;
				SDKROOT = iphoneos;
				VALIDATE_PRODUCT = YES;
			};
			name = Release;
		};
		755042C71D8CC602007FB439 /* Debug */ = {
			isa = XCBuildConfiguration;
			baseConfigurationReference = 3DEBA013D96FE6B209AA3CD5 /* Pods-chatDemo.debug.xcconfig */;
			buildSettings = {
				ASSETCATALOG_COMPILER_APPICON_NAME = AppIcon;
				DEVELOPMENT_TEAM = R6B5BG54J2;
				GCC_PREFIX_HEADER = "$(SRCROOT)/chatDemo/PrefixHeader.pch";
				INFOPLIST_FILE = chatDemo/Info.plist;
				IPHONEOS_DEPLOYMENT_TARGET = 8.2;
				LD_RUNPATH_SEARCH_PATHS = "$(inherited) @executable_path/Frameworks";
				PRODUCT_BUNDLE_IDENTIFIER = com.popoteam.iosPoClient;
				PRODUCT_NAME = "$(TARGET_NAME)";
			};
			name = Debug;
		};
		755042C81D8CC602007FB439 /* Release */ = {
			isa = XCBuildConfiguration;
			baseConfigurationReference = 4292B9741B4391C62F320291 /* Pods-chatDemo.release.xcconfig */;
			buildSettings = {
				ASSETCATALOG_COMPILER_APPICON_NAME = AppIcon;
				DEVELOPMENT_TEAM = R6B5BG54J2;
				GCC_PREFIX_HEADER = "$(SRCROOT)/chatDemo/PrefixHeader.pch";
				INFOPLIST_FILE = chatDemo/Info.plist;
				IPHONEOS_DEPLOYMENT_TARGET = 8.2;
				LD_RUNPATH_SEARCH_PATHS = "$(inherited) @executable_path/Frameworks";
				PRODUCT_BUNDLE_IDENTIFIER = com.popoteam.iosPoClient;
				PRODUCT_NAME = "$(TARGET_NAME)";
			};
			name = Release;
		};
		755042CA1D8CC602007FB439 /* Debug */ = {
			isa = XCBuildConfiguration;
			buildSettings = {
				BUNDLE_LOADER = "$(TEST_HOST)";
				INFOPLIST_FILE = chatDemoTests/Info.plist;
				LD_RUNPATH_SEARCH_PATHS = "$(inherited) @executable_path/Frameworks @loader_path/Frameworks";
				PRODUCT_BUNDLE_IDENTIFIER = com.soft.demo1.chatDemoTests;
				PRODUCT_NAME = "$(TARGET_NAME)";
				TEST_HOST = "$(BUILT_PRODUCTS_DIR)/chatDemo.app/chatDemo";
			};
			name = Debug;
		};
		755042CB1D8CC602007FB439 /* Release */ = {
			isa = XCBuildConfiguration;
			buildSettings = {
				BUNDLE_LOADER = "$(TEST_HOST)";
				INFOPLIST_FILE = chatDemoTests/Info.plist;
				LD_RUNPATH_SEARCH_PATHS = "$(inherited) @executable_path/Frameworks @loader_path/Frameworks";
				PRODUCT_BUNDLE_IDENTIFIER = com.soft.demo1.chatDemoTests;
				PRODUCT_NAME = "$(TARGET_NAME)";
				TEST_HOST = "$(BUILT_PRODUCTS_DIR)/chatDemo.app/chatDemo";
			};
			name = Release;
		};
		755042CD1D8CC602007FB439 /* Debug */ = {
			isa = XCBuildConfiguration;
			buildSettings = {
				INFOPLIST_FILE = chatDemoUITests/Info.plist;
				LD_RUNPATH_SEARCH_PATHS = "$(inherited) @executable_path/Frameworks @loader_path/Frameworks";
				PRODUCT_BUNDLE_IDENTIFIER = com.soft.demo1.chatDemoUITests;
				PRODUCT_NAME = "$(TARGET_NAME)";
				TEST_TARGET_NAME = chatDemo;
			};
			name = Debug;
		};
		755042CE1D8CC602007FB439 /* Release */ = {
			isa = XCBuildConfiguration;
			buildSettings = {
				INFOPLIST_FILE = chatDemoUITests/Info.plist;
				LD_RUNPATH_SEARCH_PATHS = "$(inherited) @executable_path/Frameworks @loader_path/Frameworks";
				PRODUCT_BUNDLE_IDENTIFIER = com.soft.demo1.chatDemoUITests;
				PRODUCT_NAME = "$(TARGET_NAME)";
				TEST_TARGET_NAME = chatDemo;
			};
			name = Release;
		};
/* End XCBuildConfiguration section */

/* Begin XCConfigurationList section */
		755042941D8CC602007FB439 /* Build configuration list for PBXProject "chatDemo" */ = {
			isa = XCConfigurationList;
			buildConfigurations = (
				755042C41D8CC602007FB439 /* Debug */,
				755042C51D8CC602007FB439 /* Release */,
			);
			defaultConfigurationIsVisible = 0;
			defaultConfigurationName = Release;
		};
		755042C61D8CC602007FB439 /* Build configuration list for PBXNativeTarget "chatDemo" */ = {
			isa = XCConfigurationList;
			buildConfigurations = (
				755042C71D8CC602007FB439 /* Debug */,
				755042C81D8CC602007FB439 /* Release */,
			);
			defaultConfigurationIsVisible = 0;
			defaultConfigurationName = Release;
		};
		755042C91D8CC602007FB439 /* Build configuration list for PBXNativeTarget "chatDemoTests" */ = {
			isa = XCConfigurationList;
			buildConfigurations = (
				755042CA1D8CC602007FB439 /* Debug */,
				755042CB1D8CC602007FB439 /* Release */,
			);
			defaultConfigurationIsVisible = 0;
			defaultConfigurationName = Release;
		};
		755042CC1D8CC602007FB439 /* Build configuration list for PBXNativeTarget "chatDemoUITests" */ = {
			isa = XCConfigurationList;
			buildConfigurations = (
				755042CD1D8CC602007FB439 /* Debug */,
				755042CE1D8CC602007FB439 /* Release */,
			);
			defaultConfigurationIsVisible = 0;
			defaultConfigurationName = Release;
		};
/* End XCConfigurationList section */
	};
	rootObject = 755042911D8CC602007FB439 /* Project object */;
}
